
Microsoft Visual Studio Solution File, Format Version 12.00
# Visual Studio 2013
VisualStudioVersion = 12.0.21005.1
MinimumVisualStudioVersion = 10.0.40219.1
Project("{2150E333-8FDC-42A3-9474-1A3956D46DE8}") = ".nuget", ".nuget", "{4AE57DDD-0878-4078-8A04-5B6FCE3F774B}"
	ProjectSection(SolutionItems) = preProject
		.nuget\NuGet.Config = .nuget\NuGet.Config
		.nuget\NuGet.exe = .nuget\NuGet.exe
		.nuget\NuGet.targets = .nuget\NuGet.targets
	EndProjectSection
EndProject
Project("{FAE04EC0-301F-11D3-BF4B-00C04F79EFBC}") = "Yandex.Metrica.WP8", "Yandex.Metrica.Samples\Yandex.Metrica.WP8\Yandex.Metrica.WP8.csproj", "{E973144A-B4D4-4A17-A201-B9DFD5E046FD}"
EndProject
Project("{FAE04EC0-301F-11D3-BF4B-00C04F79EFBC}") = "Yandex.Metrica.WPF", "Yandex.Metrica.Samples\Yandex.Metrica.WPF\Yandex.Metrica.WPF.csproj", "{05C6114B-F798-4312-9F24-01E5FD791F6C}"
EndProject
Project("{FAE04EC0-301F-11D3-BF4B-00C04F79EFBC}") = "Yandex.Metrica.RT8", "Yandex.Metrica.Samples\Yandex.Metrica.RT8\Yandex.Metrica.RT8.csproj", "{6D21E2C7-3668-40EE-88FF-FC042F96078A}"
EndProject
Project("{FAE04EC0-301F-11D3-BF4B-00C04F79EFBC}") = "Yandex.Metrica.RT8.1", "Yandex.Metrica.Samples\Yandex.Metrica.RT8.1\Yandex.Metrica.RT8.1.csproj", "{38DB913E-6D32-4833-B00E-3A34EB2524AF}"
EndProject
Global
	GlobalSection(SolutionConfigurationPlatforms) = preSolution
		Debug|Any CPU = Debug|Any CPU
		Debug|ARM = Debug|ARM
		Debug|x64 = Debug|x64
		Debug|x86 = Debug|x86
		Release|Any CPU = Release|Any CPU
		Release|ARM = Release|ARM
		Release|x64 = Release|x64
		Release|x86 = Release|x86
	EndGlobalSection
	GlobalSection(ProjectConfigurationPlatforms) = postSolution
		{E973144A-B4D4-4A17-A201-B9DFD5E046FD}.Debug|Any CPU.ActiveCfg = Debug|Any CPU
		{E973144A-B4D4-4A17-A201-B9DFD5E046FD}.Debug|Any CPU.Build.0 = Debug|Any CPU
		{E973144A-B4D4-4A17-A201-B9DFD5E046FD}.Debug|Any CPU.Deploy.0 = Debug|Any CPU
		{E973144A-B4D4-4A17-A201-B9DFD5E046FD}.Debug|ARM.ActiveCfg = Debug|Any CPU
		{E973144A-B4D4-4A17-A201-B9DFD5E046FD}.Debug|x64.ActiveCfg = Debug|Any CPU
		{E973144A-B4D4-4A17-A201-B9DFD5E046FD}.Debug|x86.ActiveCfg = Debug|Any CPU
		{E973144A-B4D4-4A17-A201-B9DFD5E046FD}.Release|Any CPU.ActiveCfg = Release|Any CPU
		{E973144A-B4D4-4A17-A201-B9DFD5E046FD}.Release|Any CPU.Build.0 = Release|Any CPU
		{E973144A-B4D4-4A17-A201-B9DFD5E046FD}.Release|Any CPU.Deploy.0 = Release|Any CPU
		{E973144A-B4D4-4A17-A201-B9DFD5E046FD}.Release|ARM.ActiveCfg = Release|Any CPU
		{E973144A-B4D4-4A17-A201-B9DFD5E046FD}.Release|x64.ActiveCfg = Release|Any CPU
		{E973144A-B4D4-4A17-A201-B9DFD5E046FD}.Release|x86.ActiveCfg = Release|Any CPU
		{05C6114B-F798-4312-9F24-01E5FD791F6C}.Debug|Any CPU.ActiveCfg = Debug|Any CPU
		{05C6114B-F798-4312-9F24-01E5FD791F6C}.Debug|Any CPU.Build.0 = Debug|Any CPU
		{05C6114B-F798-4312-9F24-01E5FD791F6C}.Debug|ARM.ActiveCfg = Debug|Any CPU
		{05C6114B-F798-4312-9F24-01E5FD791F6C}.Debug|x64.ActiveCfg = Debug|Any CPU
		{05C6114B-F798-4312-9F24-01E5FD791F6C}.Debug|x86.ActiveCfg = Debug|Any CPU
		{05C6114B-F798-4312-9F24-01E5FD791F6C}.Release|Any CPU.ActiveCfg = Release|Any CPU
		{05C6114B-F798-4312-9F24-01E5FD791F6C}.Release|Any CPU.Build.0 = Release|Any CPU
		{05C6114B-F798-4312-9F24-01E5FD791F6C}.Release|ARM.ActiveCfg = Release|Any CPU
		{05C6114B-F798-4312-9F24-01E5FD791F6C}.Release|x64.ActiveCfg = Release|Any CPU
		{05C6114B-F798-4312-9F24-01E5FD791F6C}.Release|x86.ActiveCfg = Release|Any CPU
		{6D21E2C7-3668-40EE-88FF-FC042F96078A}.Debug|Any CPU.ActiveCfg = Debug|Any CPU
		{6D21E2C7-3668-40EE-88FF-FC042F96078A}.Debug|Any CPU.Build.0 = Debug|Any CPU
		{6D21E2C7-3668-40EE-88FF-FC042F96078A}.Debug|Any CPU.Deploy.0 = Debug|Any CPU
		{6D21E2C7-3668-40EE-88FF-FC042F96078A}.Debug|ARM.ActiveCfg = Debug|Any CPU
		{6D21E2C7-3668-40EE-88FF-FC042F96078A}.Debug|x64.ActiveCfg = Debug|Any CPU
		{6D21E2C7-3668-40EE-88FF-FC042F96078A}.Debug|x86.ActiveCfg = Debug|Any CPU
		{6D21E2C7-3668-40EE-88FF-FC042F96078A}.Release|Any CPU.ActiveCfg = Release|Any CPU
		{6D21E2C7-3668-40EE-88FF-FC042F96078A}.Release|Any CPU.Build.0 = Release|Any CPU
		{6D21E2C7-3668-40EE-88FF-FC042F96078A}.Release|Any CPU.Deploy.0 = Release|Any CPU
		{6D21E2C7-3668-40EE-88FF-FC042F96078A}.Release|ARM.ActiveCfg = Release|Any CPU
		{6D21E2C7-3668-40EE-88FF-FC042F96078A}.Release|x64.ActiveCfg = Release|Any CPU
		{6D21E2C7-3668-40EE-88FF-FC042F96078A}.Release|x86.ActiveCfg = Release|Any CPU
		{38DB913E-6D32-4833-B00E-3A34EB2524AF}.Debug|Any CPU.ActiveCfg = Debug|Any CPU
		{38DB913E-6D32-4833-B00E-3A34EB2524AF}.Debug|Any CPU.Build.0 = Debug|Any CPU
		{38DB913E-6D32-4833-B00E-3A34EB2524AF}.Debug|Any CPU.Deploy.0 = Debug|Any CPU
		{38DB913E-6D32-4833-B00E-3A34EB2524AF}.Debug|ARM.ActiveCfg = Debug|Any CPU
		{38DB913E-6D32-4833-B00E-3A34EB2524AF}.Debug|x64.ActiveCfg = Debug|Any CPU
		{38DB913E-6D32-4833-B00E-3A34EB2524AF}.Debug|x86.ActiveCfg = Debug|Any CPU
		{38DB913E-6D32-4833-B00E-3A34EB2524AF}.Release|Any CPU.ActiveCfg = Release|Any CPU
		{38DB913E-6D32-4833-B00E-3A34EB2524AF}.Release|Any CPU.Build.0 = Release|Any CPU
		{38DB913E-6D32-4833-B00E-3A34EB2524AF}.Release|Any CPU.Deploy.0 = Release|Any CPU
		{38DB913E-6D32-4833-B00E-3A34EB2524AF}.Release|ARM.ActiveCfg = Release|Any CPU
		{38DB913E-6D32-4833-B00E-3A34EB2524AF}.Release|x64.ActiveCfg = Release|Any CPU
		{38DB913E-6D32-4833-B00E-3A34EB2524AF}.Release|x86.ActiveCfg = Release|Any CPU
	EndGlobalSection
	GlobalSection(SolutionProperties) = preSolution
		HideSolutionNode = FALSE
	EndGlobalSection
	GlobalSection(SharedMSBuildProjectFiles) = preSolution
		Yandex.Metrica.Sample.windows81\Yandex.Metrica.Sample.windows81.Shared\Yandex.Metrica.Sample.windows81.Shared.projitems*{e0077f25-f978-48c2-84f2-ec97eb8c506d}*SharedItemsImports = 4
		Yandex.Metrica.Sample.windows81\Yandex.Metrica.Sample.windows81.Shared\Yandex.Metrica.Sample.windows81.Shared.projitems*{1a5a3955-c08e-43d9-8cf5-a8df2eebbeb1}*SharedItemsImports = 4
		Yandex.Metrica.Sample.windows81\Yandex.Metrica.Sample.windows81.Shared\Yandex.Metrica.Sample.windows81.Shared.projitems*{6243e1d6-840e-48d5-a0fa-98760966bab2}*SharedItemsImports = 13
	EndGlobalSection
EndGlobal
