
Microsoft Visual Studio Solution File, Format Version 12.00
# Visual Studio 2012
Project("{2150E333-8FDC-42A3-9474-1A3956D46DE8}") = "Demo", "Demo", "{34F0248B-24DF-4176-BEE1-A1E647052714}"
EndProject
Project("{FAE04EC0-301F-11D3-BF4B-00C04F79EFBC}") = "Yandex.Metrica.Demo.RT8", "Yandex.Metrica.Demo\Yandex.Metrica.Demo.RT8\Yandex.Metrica.Demo.RT8.csproj", "{D3ED4CCB-296E-4CA1-A7C2-3553ECAD26C7}"
EndProject
Project("{FAE04EC0-301F-11D3-BF4B-00C04F79EFBC}") = "Yandex.Metrica.Demo.WP7", "Yandex.Metrica.Demo\Yandex.Metrica.Demo.WP7\Yandex.Metrica.Demo.WP7.csproj", "{849F803D-2658-4399-8966-96042E3AB8F8}"
EndProject
Project("{FAE04EC0-301F-11D3-BF4B-00C04F79EFBC}") = "Yandex.Metrica.Demo.WP8", "Yandex.Metrica.Demo\Yandex.Metrica.Demo.WP8\Yandex.Metrica.Demo.WP8.csproj", "{230EE8DF-06C3-4AF9-82B7-128D2B28FE41}"
EndProject
Project("{FAE04EC0-301F-11D3-BF4B-00C04F79EFBC}") = "Yandex.Metrica.Demo.WPF", "Yandex.Metrica.Demo\Yandex.Sample.Demo.WPF\Yandex.Metrica.Demo.WPF.csproj", "{9D31822F-4AFC-440F-BFD6-AE999606797A}"
EndProject
Global
	GlobalSection(SolutionConfigurationPlatforms) = preSolution
		Debug|Any CPU = Debug|Any CPU
		Debug|ARM = Debug|ARM
		Debug|x64 = Debug|x64
		Debug|x86 = Debug|x86
		Release|Any CPU = Release|Any CPU
		Release|ARM = Release|ARM
		Release|x64 = Release|x64
		Release|x86 = Release|x86
	EndGlobalSection
	GlobalSection(ProjectConfigurationPlatforms) = postSolution
		{D3ED4CCB-296E-4CA1-A7C2-3553ECAD26C7}.Debug|Any CPU.ActiveCfg = Debug|Any CPU
		{D3ED4CCB-296E-4CA1-A7C2-3553ECAD26C7}.Debug|Any CPU.Build.0 = Debug|Any CPU
		{D3ED4CCB-296E-4CA1-A7C2-3553ECAD26C7}.Debug|Any CPU.Deploy.0 = Debug|Any CPU
		{D3ED4CCB-296E-4CA1-A7C2-3553ECAD26C7}.Debug|ARM.ActiveCfg = Debug|ARM
		{D3ED4CCB-296E-4CA1-A7C2-3553ECAD26C7}.Debug|ARM.Build.0 = Debug|ARM
		{D3ED4CCB-296E-4CA1-A7C2-3553ECAD26C7}.Debug|ARM.Deploy.0 = Debug|ARM
		{D3ED4CCB-296E-4CA1-A7C2-3553ECAD26C7}.Debug|x64.ActiveCfg = Debug|x64
		{D3ED4CCB-296E-4CA1-A7C2-3553ECAD26C7}.Debug|x64.Build.0 = Debug|x64
		{D3ED4CCB-296E-4CA1-A7C2-3553ECAD26C7}.Debug|x64.Deploy.0 = Debug|x64
		{D3ED4CCB-296E-4CA1-A7C2-3553ECAD26C7}.Debug|x86.ActiveCfg = Debug|x86
		{D3ED4CCB-296E-4CA1-A7C2-3553ECAD26C7}.Debug|x86.Build.0 = Debug|x86
		{D3ED4CCB-296E-4CA1-A7C2-3553ECAD26C7}.Debug|x86.Deploy.0 = Debug|x86
		{D3ED4CCB-296E-4CA1-A7C2-3553ECAD26C7}.Release|Any CPU.ActiveCfg = Release|Any CPU
		{D3ED4CCB-296E-4CA1-A7C2-3553ECAD26C7}.Release|Any CPU.Build.0 = Release|Any CPU
		{D3ED4CCB-296E-4CA1-A7C2-3553ECAD26C7}.Release|Any CPU.Deploy.0 = Release|Any CPU
		{D3ED4CCB-296E-4CA1-A7C2-3553ECAD26C7}.Release|ARM.ActiveCfg = Release|ARM
		{D3ED4CCB-296E-4CA1-A7C2-3553ECAD26C7}.Release|ARM.Build.0 = Release|ARM
		{D3ED4CCB-296E-4CA1-A7C2-3553ECAD26C7}.Release|ARM.Deploy.0 = Release|ARM
		{D3ED4CCB-296E-4CA1-A7C2-3553ECAD26C7}.Release|x64.ActiveCfg = Release|x64
		{D3ED4CCB-296E-4CA1-A7C2-3553ECAD26C7}.Release|x64.Build.0 = Release|x64
		{D3ED4CCB-296E-4CA1-A7C2-3553ECAD26C7}.Release|x64.Deploy.0 = Release|x64
		{D3ED4CCB-296E-4CA1-A7C2-3553ECAD26C7}.Release|x86.ActiveCfg = Release|x86
		{D3ED4CCB-296E-4CA1-A7C2-3553ECAD26C7}.Release|x86.Build.0 = Release|x86
		{D3ED4CCB-296E-4CA1-A7C2-3553ECAD26C7}.Release|x86.Deploy.0 = Release|x86
		{849F803D-2658-4399-8966-96042E3AB8F8}.Debug|Any CPU.ActiveCfg = Debug|Any CPU
		{849F803D-2658-4399-8966-96042E3AB8F8}.Debug|Any CPU.Build.0 = Debug|Any CPU
		{849F803D-2658-4399-8966-96042E3AB8F8}.Debug|Any CPU.Deploy.0 = Debug|Any CPU
		{849F803D-2658-4399-8966-96042E3AB8F8}.Debug|ARM.ActiveCfg = Debug|Any CPU
		{849F803D-2658-4399-8966-96042E3AB8F8}.Debug|x64.ActiveCfg = Debug|Any CPU
		{849F803D-2658-4399-8966-96042E3AB8F8}.Debug|x86.ActiveCfg = Debug|Any CPU
		{849F803D-2658-4399-8966-96042E3AB8F8}.Release|Any CPU.ActiveCfg = Release|Any CPU
		{849F803D-2658-4399-8966-96042E3AB8F8}.Release|Any CPU.Build.0 = Release|Any CPU
		{849F803D-2658-4399-8966-96042E3AB8F8}.Release|Any CPU.Deploy.0 = Release|Any CPU
		{849F803D-2658-4399-8966-96042E3AB8F8}.Release|ARM.ActiveCfg = Release|Any CPU
		{849F803D-2658-4399-8966-96042E3AB8F8}.Release|x64.ActiveCfg = Release|Any CPU
		{849F803D-2658-4399-8966-96042E3AB8F8}.Release|x86.ActiveCfg = Release|Any CPU
		{230EE8DF-06C3-4AF9-82B7-128D2B28FE41}.Debug|Any CPU.ActiveCfg = Debug|Any CPU
		{230EE8DF-06C3-4AF9-82B7-128D2B28FE41}.Debug|Any CPU.Build.0 = Debug|Any CPU
		{230EE8DF-06C3-4AF9-82B7-128D2B28FE41}.Debug|Any CPU.Deploy.0 = Debug|Any CPU
		{230EE8DF-06C3-4AF9-82B7-128D2B28FE41}.Debug|ARM.ActiveCfg = Debug|ARM
		{230EE8DF-06C3-4AF9-82B7-128D2B28FE41}.Debug|ARM.Build.0 = Debug|ARM
		{230EE8DF-06C3-4AF9-82B7-128D2B28FE41}.Debug|ARM.Deploy.0 = Debug|ARM
		{230EE8DF-06C3-4AF9-82B7-128D2B28FE41}.Debug|x64.ActiveCfg = Debug|Any CPU
		{230EE8DF-06C3-4AF9-82B7-128D2B28FE41}.Debug|x86.ActiveCfg = Debug|x86
		{230EE8DF-06C3-4AF9-82B7-128D2B28FE41}.Debug|x86.Build.0 = Debug|x86
		{230EE8DF-06C3-4AF9-82B7-128D2B28FE41}.Debug|x86.Deploy.0 = Debug|x86
		{230EE8DF-06C3-4AF9-82B7-128D2B28FE41}.Release|Any CPU.ActiveCfg = Release|Any CPU
		{230EE8DF-06C3-4AF9-82B7-128D2B28FE41}.Release|Any CPU.Build.0 = Release|Any CPU
		{230EE8DF-06C3-4AF9-82B7-128D2B28FE41}.Release|Any CPU.Deploy.0 = Release|Any CPU
		{230EE8DF-06C3-4AF9-82B7-128D2B28FE41}.Release|ARM.ActiveCfg = Release|ARM
		{230EE8DF-06C3-4AF9-82B7-128D2B28FE41}.Release|ARM.Build.0 = Release|ARM
		{230EE8DF-06C3-4AF9-82B7-128D2B28FE41}.Release|ARM.Deploy.0 = Release|ARM
		{230EE8DF-06C3-4AF9-82B7-128D2B28FE41}.Release|x64.ActiveCfg = Release|Any CPU
		{230EE8DF-06C3-4AF9-82B7-128D2B28FE41}.Release|x86.ActiveCfg = Release|x86
		{230EE8DF-06C3-4AF9-82B7-128D2B28FE41}.Release|x86.Build.0 = Release|x86
		{230EE8DF-06C3-4AF9-82B7-128D2B28FE41}.Release|x86.Deploy.0 = Release|x86
		{9D31822F-4AFC-440F-BFD6-AE999606797A}.Debug|Any CPU.ActiveCfg = Debug|Any CPU
		{9D31822F-4AFC-440F-BFD6-AE999606797A}.Debug|Any CPU.Build.0 = Debug|Any CPU
		{9D31822F-4AFC-440F-BFD6-AE999606797A}.Debug|ARM.ActiveCfg = Debug|Any CPU
		{9D31822F-4AFC-440F-BFD6-AE999606797A}.Debug|x64.ActiveCfg = Debug|Any CPU
		{9D31822F-4AFC-440F-BFD6-AE999606797A}.Debug|x86.ActiveCfg = Debug|Any CPU
		{9D31822F-4AFC-440F-BFD6-AE999606797A}.Release|Any CPU.ActiveCfg = Release|Any CPU
		{9D31822F-4AFC-440F-BFD6-AE999606797A}.Release|Any CPU.Build.0 = Release|Any CPU
		{9D31822F-4AFC-440F-BFD6-AE999606797A}.Release|ARM.ActiveCfg = Release|Any CPU
		{9D31822F-4AFC-440F-BFD6-AE999606797A}.Release|x64.ActiveCfg = Release|Any CPU
		{9D31822F-4AFC-440F-BFD6-AE999606797A}.Release|x86.ActiveCfg = Release|Any CPU
	EndGlobalSection
	GlobalSection(SolutionProperties) = preSolution
		HideSolutionNode = FALSE
	EndGlobalSection
	GlobalSection(NestedProjects) = preSolution
		{D3ED4CCB-296E-4CA1-A7C2-3553ECAD26C7} = {34F0248B-24DF-4176-BEE1-A1E647052714}
		{849F803D-2658-4399-8966-96042E3AB8F8} = {34F0248B-24DF-4176-BEE1-A1E647052714}
		{230EE8DF-06C3-4AF9-82B7-128D2B28FE41} = {34F0248B-24DF-4176-BEE1-A1E647052714}
		{9D31822F-4AFC-440F-BFD6-AE999606797A} = {34F0248B-24DF-4176-BEE1-A1E647052714}
	EndGlobalSection
EndGlobal
